// !$*UTF8*$!
{
	archiveVersion = 1;
	classes = {
	};
	objectVersion = 46;
	objects = {

/* Begin PBXBuildFile section */
		7B785A2422967A38002DF4DE /* GCDWebServerResponse.m in Sources */ = {isa = PBXBuildFile; fileRef = 7B7859F422967A01002DF4DE /* GCDWebServerResponse.m */; };
		7B785A2522967A3A002DF4DE /* GCDWebServerRequest.m in Sources */ = {isa = PBXBuildFile; fileRef = 7B7859F722967A01002DF4DE /* GCDWebServerRequest.m */; };
		7B785A2622967A3C002DF4DE /* GCDWebServerFunctions.m in Sources */ = {isa = PBXBuildFile; fileRef = 7B7859FA22967A01002DF4DE /* GCDWebServerFunctions.m */; };
		7B785A2722967A40002DF4DE /* GCDWebServer.m in Sources */ = {isa = PBXBuildFile; fileRef = 7B7859FB22967A01002DF4DE /* GCDWebServer.m */; };
		7B785A2822967A41002DF4DE /* GCDWebServerConnection.m in Sources */ = {isa = PBXBuildFile; fileRef = 7B7859FC22967A01002DF4DE /* GCDWebServerConnection.m */; };
		7B785A2922967A5B002DF4DE /* GCDWebServerErrorResponse.m in Sources */ = {isa = PBXBuildFile; fileRef = 7B785A0122967A01002DF4DE /* GCDWebServerErrorResponse.m */; };
		7B785A2A22967A5C002DF4DE /* GCDWebServerFileResponse.m in Sources */ = {isa = PBXBuildFile; fileRef = 7B785A0322967A01002DF4DE /* GCDWebServerFileResponse.m */; };
		7B785A2B22967A5D002DF4DE /* GCDWebServerDataResponse.m in Sources */ = {isa = PBXBuildFile; fileRef = 7B785A0422967A01002DF4DE /* GCDWebServerDataResponse.m */; };
		7B785A2C22967A5E002DF4DE /* GCDWebServerStreamedResponse.m in Sources */ = {isa = PBXBuildFile; fileRef = 7B785A0622967A01002DF4DE /* GCDWebServerStreamedResponse.m */; };
		7B785A2D22967A62002DF4DE /* GCDWebServerURLEncodedFormRequest.m in Sources */ = {isa = PBXBuildFile; fileRef = 7B785A0B22967A01002DF4DE /* GCDWebServerURLEncodedFormRequest.m */; };
		7B785A2E22967A63002DF4DE /* GCDWebServerMultiPartFormRequest.m in Sources */ = {isa = PBXBuildFile; fileRef = 7B785A0C22967A01002DF4DE /* GCDWebServerMultiPartFormRequest.m */; };
		7B785A2F22967A64002DF4DE /* GCDWebServerDataRequest.m in Sources */ = {isa = PBXBuildFile; fileRef = 7B785A0D22967A01002DF4DE /* GCDWebServerDataRequest.m */; };
		7B785A3022967A65002DF4DE /* GCDWebServerFileRequest.m in Sources */ = {isa = PBXBuildFile; fileRef = 7B785A0E22967A01002DF4DE /* GCDWebServerFileRequest.m */; };
		7B785A3122967A69002DF4DE /* GCDWebUploader.h in Sources */ = {isa = PBXBuildFile; fileRef = 7B785A1222967A01002DF4DE /* GCDWebUploader.h */; };
		7B785A3222967A6A002DF4DE /* GCDWebUploader.m in Sources */ = {isa = PBXBuildFile; fileRef = 7B785A1322967A01002DF4DE /* GCDWebUploader.m */; };
		7B785A3322967A6D002DF4DE /* RNWifiTransfer.m in Sources */ = {isa = PBXBuildFile; fileRef = 7B7859EF22967A01002DF4DE /* RNWifiTransfer.m */; };
		7B785A3522967A7A002DF4DE /* GCDWebUploader.bundle in Resources */ = {isa = PBXBuildFile; fileRef = 7B785A1122967A01002DF4DE /* GCDWebUploader.bundle */; };
		7B785A4E22967ACD002DF4DE /* Reachability.m in Sources */ = {isa = PBXBuildFile; fileRef = 7B785A4C22967ACD002DF4DE /* Reachability.m */; };
		7B9CD48A2295278000724781 /* libz.tbd in Frameworks */ = {isa = PBXBuildFile; fileRef = 7B9CD4892295278000724781 /* libz.tbd */; };
/* End PBXBuildFile section */

/* Begin PBXCopyFilesBuildPhase section */
		58B511D91A9E6C8500147676 /* CopyFiles */ = {
			isa = PBXCopyFilesBuildPhase;
			buildActionMask = 2147483647;
			dstPath = "include/$(PRODUCT_NAME)";
			dstSubfolderSpec = 16;
			files = (
			);
			runOnlyForDeploymentPostprocessing = 0;
		};
/* End PBXCopyFilesBuildPhase section */

/* Begin PBXFileReference section */
		134814201AA4EA6300B7C361 /* libRNWifiTransfer.a */ = {isa = PBXFileReference; explicitFileType = archive.ar; includeInIndex = 0; path = libRNWifiTransfer.a; sourceTree = BUILT_PRODUCTS_DIR; };
		7B7859EE22967A01002DF4DE /* HttpServer.h */ = {isa = PBXFileReference; fileEncoding = 4; lastKnownFileType = sourcecode.c.h; path = HttpServer.h; sourceTree = "<group>"; };
		7B7859EF22967A01002DF4DE /* RNWifiTransfer.m */ = {isa = PBXFileReference; fileEncoding = 4; lastKnownFileType = sourcecode.c.objc; path = RNWifiTransfer.m; sourceTree = "<group>"; };
		7B7859F222967A01002DF4DE /* GCDWebServerFunctions.h */ = {isa = PBXFileReference; fileEncoding = 4; lastKnownFileType = sourcecode.c.h; path = GCDWebServerFunctions.h; sourceTree = "<group>"; };
		7B7859F322967A01002DF4DE /* GCDWebServerPrivate.h */ = {isa = PBXFileReference; fileEncoding = 4; lastKnownFileType = sourcecode.c.h; path = GCDWebServerPrivate.h; sourceTree = "<group>"; };
		7B7859F422967A01002DF4DE /* GCDWebServerResponse.m */ = {isa = PBXFileReference; fileEncoding = 4; lastKnownFileType = sourcecode.c.objc; path = GCDWebServerResponse.m; sourceTree = "<group>"; };
		7B7859F522967A01002DF4DE /* GCDWebServerConnection.h */ = {isa = PBXFileReference; fileEncoding = 4; lastKnownFileType = sourcecode.c.h; path = GCDWebServerConnection.h; sourceTree = "<group>"; };
		7B7859F622967A01002DF4DE /* GCDWebServer.h */ = {isa = PBXFileReference; fileEncoding = 4; lastKnownFileType = sourcecode.c.h; path = GCDWebServer.h; sourceTree = "<group>"; };
		7B7859F722967A01002DF4DE /* GCDWebServerRequest.m */ = {isa = PBXFileReference; fileEncoding = 4; lastKnownFileType = sourcecode.c.objc; path = GCDWebServerRequest.m; sourceTree = "<group>"; };
		7B7859F822967A01002DF4DE /* GCDWebServerHTTPStatusCodes.h */ = {isa = PBXFileReference; fileEncoding = 4; lastKnownFileType = sourcecode.c.h; path = GCDWebServerHTTPStatusCodes.h; sourceTree = "<group>"; };
		7B7859F922967A01002DF4DE /* GCDWebServerResponse.h */ = {isa = PBXFileReference; fileEncoding = 4; lastKnownFileType = sourcecode.c.h; path = GCDWebServerResponse.h; sourceTree = "<group>"; };
		7B7859FA22967A01002DF4DE /* GCDWebServerFunctions.m */ = {isa = PBXFileReference; fileEncoding = 4; lastKnownFileType = sourcecode.c.objc; path = GCDWebServerFunctions.m; sourceTree = "<group>"; };
		7B7859FB22967A01002DF4DE /* GCDWebServer.m */ = {isa = PBXFileReference; fileEncoding = 4; lastKnownFileType = sourcecode.c.objc; path = GCDWebServer.m; sourceTree = "<group>"; };
		7B7859FC22967A01002DF4DE /* GCDWebServerConnection.m */ = {isa = PBXFileReference; fileEncoding = 4; lastKnownFileType = sourcecode.c.objc; path = GCDWebServerConnection.m; sourceTree = "<group>"; };
		7B7859FD22967A01002DF4DE /* GCDWebServerRequest.h */ = {isa = PBXFileReference; fileEncoding = 4; lastKnownFileType = sourcecode.c.h; path = GCDWebServerRequest.h; sourceTree = "<group>"; };
		7B7859FF22967A01002DF4DE /* GCDWebServerFileResponse.h */ = {isa = PBXFileReference; fileEncoding = 4; lastKnownFileType = sourcecode.c.h; path = GCDWebServerFileResponse.h; sourceTree = "<group>"; };
		7B785A0022967A01002DF4DE /* GCDWebServerStreamedResponse.h */ = {isa = PBXFileReference; fileEncoding = 4; lastKnownFileType = sourcecode.c.h; path = GCDWebServerStreamedResponse.h; sourceTree = "<group>"; };
		7B785A0122967A01002DF4DE /* GCDWebServerErrorResponse.m */ = {isa = PBXFileReference; fileEncoding = 4; lastKnownFileType = sourcecode.c.objc; path = GCDWebServerErrorResponse.m; sourceTree = "<group>"; };
		7B785A0222967A01002DF4DE /* GCDWebServerDataResponse.h */ = {isa = PBXFileReference; fileEncoding = 4; lastKnownFileType = sourcecode.c.h; path = GCDWebServerDataResponse.h; sourceTree = "<group>"; };
		7B785A0322967A01002DF4DE /* GCDWebServerFileResponse.m */ = {isa = PBXFileReference; fileEncoding = 4; lastKnownFileType = sourcecode.c.objc; path = GCDWebServerFileResponse.m; sourceTree = "<group>"; };
		7B785A0422967A01002DF4DE /* GCDWebServerDataResponse.m */ = {isa = PBXFileReference; fileEncoding = 4; lastKnownFileType = sourcecode.c.objc; path = GCDWebServerDataResponse.m; sourceTree = "<group>"; };
		7B785A0522967A01002DF4DE /* GCDWebServerErrorResponse.h */ = {isa = PBXFileReference; fileEncoding = 4; lastKnownFileType = sourcecode.c.h; path = GCDWebServerErrorResponse.h; sourceTree = "<group>"; };
		7B785A0622967A01002DF4DE /* GCDWebServerStreamedResponse.m */ = {isa = PBXFileReference; fileEncoding = 4; lastKnownFileType = sourcecode.c.objc; path = GCDWebServerStreamedResponse.m; sourceTree = "<group>"; };
		7B785A0822967A01002DF4DE /* GCDWebServerDataRequest.h */ = {isa = PBXFileReference; fileEncoding = 4; lastKnownFileType = sourcecode.c.h; path = GCDWebServerDataRequest.h; sourceTree = "<group>"; };
		7B785A0922967A01002DF4DE /* GCDWebServerMultiPartFormRequest.h */ = {isa = PBXFileReference; fileEncoding = 4; lastKnownFileType = sourcecode.c.h; path = GCDWebServerMultiPartFormRequest.h; sourceTree = "<group>"; };
		7B785A0A22967A01002DF4DE /* GCDWebServerFileRequest.h */ = {isa = PBXFileReference; fileEncoding = 4; lastKnownFileType = sourcecode.c.h; path = GCDWebServerFileRequest.h; sourceTree = "<group>"; };
		7B785A0B22967A01002DF4DE /* GCDWebServerURLEncodedFormRequest.m */ = {isa = PBXFileReference; fileEncoding = 4; lastKnownFileType = sourcecode.c.objc; path = GCDWebServerURLEncodedFormRequest.m; sourceTree = "<group>"; };
		7B785A0C22967A01002DF4DE /* GCDWebServerMultiPartFormRequest.m */ = {isa = PBXFileReference; fileEncoding = 4; lastKnownFileType = sourcecode.c.objc; path = GCDWebServerMultiPartFormRequest.m; sourceTree = "<group>"; };
		7B785A0D22967A01002DF4DE /* GCDWebServerDataRequest.m */ = {isa = PBXFileReference; fileEncoding = 4; lastKnownFileType = sourcecode.c.objc; path = GCDWebServerDataRequest.m; sourceTree = "<group>"; };
		7B785A0E22967A01002DF4DE /* GCDWebServerFileRequest.m */ = {isa = PBXFileReference; fileEncoding = 4; lastKnownFileType = sourcecode.c.objc; path = GCDWebServerFileRequest.m; sourceTree = "<group>"; };
		7B785A0F22967A01002DF4DE /* GCDWebServerURLEncodedFormRequest.h */ = {isa = PBXFileReference; fileEncoding = 4; lastKnownFileType = sourcecode.c.h; path = GCDWebServerURLEncodedFormRequest.h; sourceTree = "<group>"; };
		7B785A1122967A01002DF4DE /* GCDWebUploader.bundle */ = {isa = PBXFileReference; lastKnownFileType = "wrapper.plug-in"; path = GCDWebUploader.bundle; sourceTree = "<group>"; };
		7B785A1222967A01002DF4DE /* GCDWebUploader.h */ = {isa = PBXFileReference; fileEncoding = 4; lastKnownFileType = sourcecode.c.h; path = GCDWebUploader.h; sourceTree = "<group>"; };
		7B785A1322967A01002DF4DE /* GCDWebUploader.m */ = {isa = PBXFileReference; fileEncoding = 4; lastKnownFileType = sourcecode.c.objc; path = GCDWebUploader.m; sourceTree = "<group>"; };
		7B785A1422967A01002DF4DE /* RNWifiTransfer.h */ = {isa = PBXFileReference; fileEncoding = 4; lastKnownFileType = sourcecode.c.h; path = RNWifiTransfer.h; sourceTree = "<group>"; };
		7B785A4C22967ACD002DF4DE /* Reachability.m */ = {isa = PBXFileReference; fileEncoding = 4; lastKnownFileType = sourcecode.c.objc; path = Reachability.m; sourceTree = "<group>"; };
		7B785A4D22967ACD002DF4DE /* Reachability.h */ = {isa = PBXFileReference; fileEncoding = 4; lastKnownFileType = sourcecode.c.h; path = Reachability.h; sourceTree = "<group>"; };
		7B9CD4892295278000724781 /* libz.tbd */ = {isa = PBXFileReference; lastKnownFileType = "sourcecode.text-based-dylib-definition"; name = libz.tbd; path = usr/lib/libz.tbd; sourceTree = SDKROOT; };
/* End PBXFileReference section */

/* Begin PBXFrameworksBuildPhase section */
		58B511D81A9E6C8500147676 /* Frameworks */ = {
			isa = PBXFrameworksBuildPhase;
			buildActionMask = 2147483647;
			files = (
				7B9CD48A2295278000724781 /* libz.tbd in Frameworks */,
			);
			runOnlyForDeploymentPostprocessing = 0;
		};
/* End PBXFrameworksBuildPhase section */

/* Begin PBXGroup section */
		134814211AA4EA7D00B7C361 /* Products */ = {
			isa = PBXGroup;
			children = (
				134814201AA4EA6300B7C361 /* libRNWifiTransfer.a */,
			);
			name = Products;
			sourceTree = "<group>";
		};
		58B511D21A9E6C8500147676 = {
			isa = PBXGroup;
			children = (
				7B7859F022967A01002DF4DE /* GCDWebServer */,
				7B785A1022967A01002DF4DE /* GCDWebUploader */,
				7B7859EE22967A01002DF4DE /* HttpServer.h */,
				7B785A1422967A01002DF4DE /* RNWifiTransfer.h */,
				7B7859EF22967A01002DF4DE /* RNWifiTransfer.m */,
				7B7859ED22967A01002DF4DE /* utils */,
				134814211AA4EA7D00B7C361 /* Products */,
				7B9CD4882295277F00724781 /* Frameworks */,
			);
			sourceTree = "<group>";
		};
		7B7859ED22967A01002DF4DE /* utils */ = {
			isa = PBXGroup;
			children = (
				7B785A4D22967ACD002DF4DE /* Reachability.h */,
				7B785A4C22967ACD002DF4DE /* Reachability.m */,
			);
			path = utils;
			sourceTree = "<group>";
		};
		7B7859F022967A01002DF4DE /* GCDWebServer */ = {
			isa = PBXGroup;
			children = (
				7B7859F122967A01002DF4DE /* Core */,
				7B7859FE22967A01002DF4DE /* Responses */,
				7B785A0722967A01002DF4DE /* Requests */,
			);
			path = GCDWebServer;
			sourceTree = "<group>";
		};
		7B7859F122967A01002DF4DE /* Core */ = {
			isa = PBXGroup;
			children = (
				7B7859F222967A01002DF4DE /* GCDWebServerFunctions.h */,
				7B7859F322967A01002DF4DE /* GCDWebServerPrivate.h */,
				7B7859F422967A01002DF4DE /* GCDWebServerResponse.m */,
				7B7859F522967A01002DF4DE /* GCDWebServerConnection.h */,
				7B7859F622967A01002DF4DE /* GCDWebServer.h */,
				7B7859F722967A01002DF4DE /* GCDWebServerRequest.m */,
				7B7859F822967A01002DF4DE /* GCDWebServerHTTPStatusCodes.h */,
				7B7859F922967A01002DF4DE /* GCDWebServerResponse.h */,
				7B7859FA22967A01002DF4DE /* GCDWebServerFunctions.m */,
				7B7859FB22967A01002DF4DE /* GCDWebServer.m */,
				7B7859FC22967A01002DF4DE /* GCDWebServerConnection.m */,
				7B7859FD22967A01002DF4DE /* GCDWebServerRequest.h */,
			);
			path = Core;
			sourceTree = "<group>";
		};
		7B7859FE22967A01002DF4DE /* Responses */ = {
			isa = PBXGroup;
			children = (
				7B7859FF22967A01002DF4DE /* GCDWebServerFileResponse.h */,
				7B785A0022967A01002DF4DE /* GCDWebServerStreamedResponse.h */,
				7B785A0122967A01002DF4DE /* GCDWebServerErrorResponse.m */,
				7B785A0222967A01002DF4DE /* GCDWebServerDataResponse.h */,
				7B785A0322967A01002DF4DE /* GCDWebServerFileResponse.m */,
				7B785A0422967A01002DF4DE /* GCDWebServerDataResponse.m */,
				7B785A0522967A01002DF4DE /* GCDWebServerErrorResponse.h */,
				7B785A0622967A01002DF4DE /* GCDWebServerStreamedResponse.m */,
			);
			path = Responses;
			sourceTree = "<group>";
		};
		7B785A0722967A01002DF4DE /* Requests */ = {
			isa = PBXGroup;
			children = (
				7B785A0822967A01002DF4DE /* GCDWebServerDataRequest.h */,
				7B785A0922967A01002DF4DE /* GCDWebServerMultiPartFormRequest.h */,
				7B785A0A22967A01002DF4DE /* GCDWebServerFileRequest.h */,
				7B785A0B22967A01002DF4DE /* GCDWebServerURLEncodedFormRequest.m */,
				7B785A0C22967A01002DF4DE /* GCDWebServerMultiPartFormRequest.m */,
				7B785A0D22967A01002DF4DE /* GCDWebServerDataRequest.m */,
				7B785A0E22967A01002DF4DE /* GCDWebServerFileRequest.m */,
				7B785A0F22967A01002DF4DE /* GCDWebServerURLEncodedFormRequest.h */,
			);
			path = Requests;
			sourceTree = "<group>";
		};
		7B785A1022967A01002DF4DE /* GCDWebUploader */ = {
			isa = PBXGroup;
			children = (
				7B785A1122967A01002DF4DE /* GCDWebUploader.bundle */,
				7B785A1222967A01002DF4DE /* GCDWebUploader.h */,
				7B785A1322967A01002DF4DE /* GCDWebUploader.m */,
			);
			path = GCDWebUploader;
			sourceTree = "<group>";
		};
		7B9CD4882295277F00724781 /* Frameworks */ = {
			isa = PBXGroup;
			children = (
				7B9CD4892295278000724781 /* libz.tbd */,
			);
			name = Frameworks;
			sourceTree = "<group>";
		};
/* End PBXGroup section */

/* Begin PBXNativeTarget section */
		58B511DA1A9E6C8500147676 /* RNWifiTransfer */ = {
			isa = PBXNativeTarget;
			buildConfigurationList = 58B511EF1A9E6C8500147676 /* Build configuration list for PBXNativeTarget "RNWifiTransfer" */;
			buildPhases = (
				58B511D71A9E6C8500147676 /* Sources */,
				58B511D81A9E6C8500147676 /* Frameworks */,
				58B511D91A9E6C8500147676 /* CopyFiles */,
				7B785A3422967A78002DF4DE /* Resources */,
			);
			buildRules = (
			);
			dependencies = (
			);
			name = RNWifiTransfer;
			productName = RCTDataManager;
			productReference = 134814201AA4EA6300B7C361 /* libRNWifiTransfer.a */;
			productType = "com.apple.product-type.library.static";
		};
/* End PBXNativeTarget section */

/* Begin PBXProject section */
		58B511D31A9E6C8500147676 /* Project object */ = {
			isa = PBXProject;
			attributes = {
				LastUpgradeCheck = 0830;
				ORGANIZATIONNAME = Facebook;
				TargetAttributes = {
					58B511DA1A9E6C8500147676 = {
						CreatedOnToolsVersion = 6.1.1;
					};
				};
			};
			buildConfigurationList = 58B511D61A9E6C8500147676 /* Build configuration list for PBXProject "RNWifiTransfer" */;
			compatibilityVersion = "Xcode 3.2";
			developmentRegion = English;
			hasScannedForEncodings = 0;
			knownRegions = (
				English,
				en,
			);
			mainGroup = 58B511D21A9E6C8500147676;
			productRefGroup = 58B511D21A9E6C8500147676;
			projectDirPath = "";
			projectRoot = "";
			targets = (
				58B511DA1A9E6C8500147676 /* RNWifiTransfer */,
			);
		};
/* End PBXProject section */

/* Begin PBXResourcesBuildPhase section */
		7B785A3422967A78002DF4DE /* Resources */ = {
			isa = PBXResourcesBuildPhase;
			buildActionMask = 2147483647;
			files = (
				7B785A3522967A7A002DF4DE /* GCDWebUploader.bundle in Resources */,
			);
			runOnlyForDeploymentPostprocessing = 0;
		};
/* End PBXResourcesBuildPhase section */

/* Begin PBXSourcesBuildPhase section */
		58B511D71A9E6C8500147676 /* Sources */ = {
			isa = PBXSourcesBuildPhase;
			buildActionMask = 2147483647;
			files = (
				7B785A2722967A40002DF4DE /* GCDWebServer.m in Sources */,
				7B785A2622967A3C002DF4DE /* GCDWebServerFunctions.m in Sources */,
				7B785A2422967A38002DF4DE /* GCDWebServerResponse.m in Sources */,
				7B785A2A22967A5C002DF4DE /* GCDWebServerFileResponse.m in Sources */,
				7B785A2B22967A5D002DF4DE /* GCDWebServerDataResponse.m in Sources */,
				7B785A2C22967A5E002DF4DE /* GCDWebServerStreamedResponse.m in Sources */,
				7B785A2D22967A62002DF4DE /* GCDWebServerURLEncodedFormRequest.m in Sources */,
				7B785A2E22967A63002DF4DE /* GCDWebServerMultiPartFormRequest.m in Sources */,
				7B785A3122967A69002DF4DE /* GCDWebUploader.h in Sources */,
				7B785A3222967A6A002DF4DE /* GCDWebUploader.m in Sources */,
				7B785A3322967A6D002DF4DE /* RNWifiTransfer.m in Sources */,
				7B785A3022967A65002DF4DE /* GCDWebServerFileRequest.m in Sources */,
				7B785A2F22967A64002DF4DE /* GCDWebServerDataRequest.m in Sources */,
				7B785A2822967A41002DF4DE /* GCDWebServerConnection.m in Sources */,
				7B785A2922967A5B002DF4DE /* GCDWebServerErrorResponse.m in Sources */,
				7B785A2522967A3A002DF4DE /* GCDWebServerRequest.m in Sources */,
				7B785A4E22967ACD002DF4DE /* Reachability.m in Sources */,
			);
			runOnlyForDeploymentPostprocessing = 0;
		};
/* End PBXSourcesBuildPhase section */

/* Begin XCBuildConfiguration section */
		58B511ED1A9E6C8500147676 /* Debug */ = {
			isa = XCBuildConfiguration;
			buildSettings = {
				ALWAYS_SEARCH_USER_PATHS = NO;
				CLANG_CXX_LANGUAGE_STANDARD = "gnu++0x";
				CLANG_CXX_LIBRARY = "libc++";
				CLANG_ENABLE_MODULES = YES;
				CLANG_ENABLE_OBJC_ARC = YES;
				CLANG_WARN_BOOL_CONVERSION = YES;
				CLANG_WARN_CONSTANT_CONVERSION = YES;
				CLANG_WARN_DIRECT_OBJC_ISA_USAGE = YES_ERROR;
				CLANG_WARN_EMPTY_BODY = YES;
				CLANG_WARN_ENUM_CONVERSION = YES;
				CLANG_WARN_INFINITE_RECURSION = YES;
				CLANG_WARN_INT_CONVERSION = YES;
				CLANG_WARN_OBJC_ROOT_CLASS = YES_ERROR;
				CLANG_WARN_SUSPICIOUS_MOVE = YES;
				CLANG_WARN_UNREACHABLE_CODE = YES;
				CLANG_WARN__DUPLICATE_METHOD_MATCH = YES;
				COPY_PHASE_STRIP = NO;
				ENABLE_STRICT_OBJC_MSGSEND = YES;
				ENABLE_TESTABILITY = YES;
				GCC_C_LANGUAGE_STANDARD = gnu99;
				GCC_DYNAMIC_NO_PIC = NO;
				GCC_NO_COMMON_BLOCKS = YES;
				GCC_OPTIMIZATION_LEVEL = 0;
				GCC_PREPROCESSOR_DEFINITIONS = (
					"DEBUG=1",
					"$(inherited)",
				);
				GCC_SYMBOLS_PRIVATE_EXTERN = NO;
				GCC_WARN_64_TO_32_BIT_CONVERSION = YES;
				GCC_WARN_ABOUT_RETURN_TYPE = YES_ERROR;
				GCC_WARN_UNDECLARED_SELECTOR = YES;
				GCC_WARN_UNINITIALIZED_AUTOS = YES_AGGRESSIVE;
				GCC_WARN_UNUSED_FUNCTION = YES;
				GCC_WARN_UNUSED_VARIABLE = YES;
				IPHONEOS_DEPLOYMENT_TARGET = 8.0;
				MTL_ENABLE_DEBUG_INFO = YES;
				ONLY_ACTIVE_ARCH = YES;
				SDKROOT = iphoneos;
			};
			name = Debug;
		};
		58B511EE1A9E6C8500147676 /* Release */ = {
			isa = XCBuildConfiguration;
			buildSettings = {
				ALWAYS_SEARCH_USER_PATHS = NO;
				CLANG_CXX_LANGUAGE_STANDARD = "gnu++0x";
				CLANG_CXX_LIBRARY = "libc++";
				CLANG_ENABLE_MODULES = YES;
				CLANG_ENABLE_OBJC_ARC = YES;
				CLANG_WARN_BOOL_CONVERSION = YES;
				CLANG_WARN_CONSTANT_CONVERSION = YES;
				CLANG_WARN_DIRECT_OBJC_ISA_USAGE = YES_ERROR;
				CLANG_WARN_EMPTY_BODY = YES;
				CLANG_WARN_ENUM_CONVERSION = YES;
				CLANG_WARN_INFINITE_RECURSION = YES;
				CLANG_WARN_INT_CONVERSION = YES;
				CLANG_WARN_OBJC_ROOT_CLASS = YES_ERROR;
				CLANG_WARN_SUSPICIOUS_MOVE = YES;
				CLANG_WARN_UNREACHABLE_CODE = YES;
				CLANG_WARN__DUPLICATE_METHOD_MATCH = YES;
				COPY_PHASE_STRIP = YES;
				ENABLE_NS_ASSERTIONS = NO;
				ENABLE_STRICT_OBJC_MSGSEND = YES;
				GCC_C_LANGUAGE_STANDARD = gnu99;
				GCC_NO_COMMON_BLOCKS = YES;
				GCC_WARN_64_TO_32_BIT_CONVERSION = YES;
				GCC_WARN_ABOUT_RETURN_TYPE = YES_ERROR;
				GCC_WARN_UNDECLARED_SELECTOR = YES;
				GCC_WARN_UNINITIALIZED_AUTOS = YES_AGGRESSIVE;
				GCC_WARN_UNUSED_FUNCTION = YES;
				GCC_WARN_UNUSED_VARIABLE = YES;
				IPHONEOS_DEPLOYMENT_TARGET = 8.0;
				MTL_ENABLE_DEBUG_INFO = NO;
				SDKROOT = iphoneos;
				VALIDATE_PRODUCT = YES;
			};
			name = Release;
		};
		58B511F01A9E6C8500147676 /* Debug */ = {
			isa = XCBuildConfiguration;
			buildSettings = {
				HEADER_SEARCH_PATHS = (
					"$(inherited)",
					/Applications/Xcode.app/Contents/Developer/Toolchains/XcodeDefault.xctoolchain/usr/include,
					"$(SRCROOT)/../../../React/**",
					"$(SRCROOT)/../../react-native/React/**",
					"$(PROJECT_DIR)/**",
				);
				LIBRARY_SEARCH_PATHS = "$(inherited)";
				OTHER_LDFLAGS = "-ObjC";
				PRODUCT_NAME = RNWifiTransfer;
				SKIP_INSTALL = YES;
			};
			name = Debug;
		};
		58B511F11A9E6C8500147676 /* Release */ = {
			isa = XCBuildConfiguration;
			buildSettings = {
				HEADER_SEARCH_PATHS = (
					"$(inherited)",
					/Applications/Xcode.app/Contents/Developer/Toolchains/XcodeDefault.xctoolchain/usr/include,
					"$(SRCROOT)/../../../React/**",
					"$(SRCROOT)/../../react-native/React/**",
					"$(PROJECT_DIR)/**",
				);
				LIBRARY_SEARCH_PATHS = "$(inherited)";
				OTHER_LDFLAGS = "-ObjC";
				PRODUCT_NAME = RNWifiTransfer;
				SKIP_INSTALL = YES;
			};
			name = Release;
		};
/* End XCBuildConfiguration section */

/* Begin XCConfigurationList section */
		58B511D61A9E6C8500147676 /* Build configuration list for PBXProject "RNWifiTransfer" */ = {
			isa = XCConfigurationList;
			buildConfigurations = (
				58B511ED1A9E6C8500147676 /* Debug */,
				58B511EE1A9E6C8500147676 /* Release */,
			);
			defaultConfigurationIsVisible = 0;
			defaultConfigurationName = Release;
		};
		58B511EF1A9E6C8500147676 /* Build configuration list for PBXNativeTarget "RNWifiTransfer" */ = {
			isa = XCConfigurationList;
			buildConfigurations = (
				58B511F01A9E6C8500147676 /* Debug */,
				58B511F11A9E6C8500147676 /* Release */,
			);
			defaultConfigurationIsVisible = 0;
			defaultConfigurationName = Release;
		};
/* End XCConfigurationList section */
	};
	rootObject = 58B511D31A9E6C8500147676 /* Project object */;
}
